
Microsoft Visual Studio Solution File, Format Version 12.00
# Visual Studio Version 16
VisualStudioVersion = 16.0.31729.503
MinimumVisualStudioVersion = 10.0.40219.1
Project("{FAE04EC0-301F-11D3-BF4B-00C04F79EFBC}") = "ExternalStartingItemsGUI", "ExternalStartingItemsGUI.csproj", "{019AA1A0-D333-4AFD-BE29-2A6CDDEE837D}"
EndProject
Global
	GlobalSection(SolutionConfigurationPlatforms) = preSolution
		Debug|Any CPU = Debug|Any CPU
		Release|Any CPU = Release|Any CPU
	EndGlobalSection
	GlobalSection(ProjectConfigurationPlatforms) = postSolution
		{019AA1A0-D333-4AFD-BE29-2A6CDDEE837D}.Debug|Any CPU.ActiveCfg = Debug|Any CPU
		{019AA1A0-D333-4AFD-BE29-2A6CDDEE837D}.Debug|Any CPU.Build.0 = Debug|Any CPU
		{019AA1A0-D333-4AFD-BE29-2A6CDDEE837D}.Release|Any CPU.ActiveCfg = Release|Any CPU
		{019AA1A0-D333-4AFD-BE29-2A6CDDEE837D}.Release|Any CPU.Build.0 = Release|Any CPU
	EndGlobalSection
	GlobalSection(SolutionProperties) = preSolution
		HideSolutionNode = FALSE
	EndGlobalSection
	GlobalSection(ExtensibilityGlobals) = postSolution
		SolutionGuid = {37A50ACB-F94D-4DE1-B7FD-A7B4B37D9456}
	EndGlobalSection
EndGlobal
